# This file is automatically @generated by Poetry and should not be changed by hand.

[[package]]
name = "greenlet"
version = "1.1.2"
description = "Lightweight in-process concurrent programming"
category = "main"
optional = false
python-versions = ">=2.7,!=3.0.*,!=3.1.*,!=3.2.*,!=3.3.*,!=3.4.*"
files = [
    {file = "greenlet-1.1.2-cp35-cp35m-linux_armv6l.whl", hash = "sha256:8f7b240fb2e4950d61afeaaa51ab8a1812ed9a4778bb45bf121c21b4b37d72d7"},
    {file = "greenlet-1.1.2-cp35-cp35m-linux_armv7l.whl", hash = "sha256:8f7b240fb2e4950d61afeaaa51ab8a1812ed9a4778bb45bf121c21b4b37d72d7"},
    {file = "greenlet-1.1.2-cp37-cp37m-linux_armv6l.whl", hash = "sha256:bf28533bb6eaac39604fa975b9fd580d2ec0aff5f2f06dbfdeb106b361066cdf"},
    {file = "greenlet-1.1.2-cp37-cp37m-linux_armv7l.whl", hash = "sha256:bf28533bb6eaac39604fa975b9fd580d2ec0aff5f2f06dbfdeb106b361066cdf"},
    {file = "greenlet-1.1.2-cp39-cp39-linux_armv6l.whl", hash = "sha256:f6dd4fe16556514c81b440cdb3a723a47464705ee56597f892d74ffa77b2796c"},
    {file = "greenlet-1.1.2-cp39-cp39-linux_armv7l.whl", hash = "sha256:f6dd4fe16556514c81b440cdb3a723a47464705ee56597f892d74ffa77b2796c"},
]

[package.extras]
docs = ["Sphinx"]

[package.source]
type = "legacy"
url = "https://www.piwheels.org/simple"
reference = "piwheels"

[[package]]
name = "numpy"
version = "1.24.1"
description = "Fundamental package for array computing in Python"
category = "main"
optional = false
python-versions = ">=3.8"
files = [
    {file = "numpy-1.24.1-cp39-cp39-linux_armv6l.whl", hash = "sha256:e16abb1c4f2093f89f37119305f4cb3fd35dc2f4bacb77143737bb8fcdbd9298"},
    {file = "numpy-1.24.1-cp39-cp39-linux_armv7l.whl", hash = "sha256:e16abb1c4f2093f89f37119305f4cb3fd35dc2f4bacb77143737bb8fcdbd9298"},
]

[package.source]
type = "legacy"
url = "https://www.piwheels.org/simple"
reference = "piwheels"

[[package]]
name = "pandas"
version = "1.5.3"
description = "Powerful data structures for data analysis, time series, and statistics"
category = "main"
optional = false
python-versions = ">=3.8"
files = [
    {file = "pandas-1.5.3-cp39-cp39-linux_armv6l.whl", hash = "sha256:76c028e8ba23a8f6a2a929c5782a95c0e37adff97ff6b14ca848f0d9ccdbeed0"},
    {file = "pandas-1.5.3-cp39-cp39-linux_armv7l.whl", hash = "sha256:76c028e8ba23a8f6a2a929c5782a95c0e37adff97ff6b14ca848f0d9ccdbeed0"},
]

[package.dependencies]
numpy = [
    {version = ">=1.20.3", markers = "python_version < \"3.10\""},
    {version = ">=1.21.0", markers = "python_version >= \"3.10\""},
]
python-dateutil = ">=2.8.1"
pytz = ">=2020.1"

[package.extras]
test = ["hypothesis (>=5.5.3)", "pytest (>=6.0)", "pytest-xdist (>=1.31)"]

[package.source]
type = "legacy"
url = "https://www.piwheels.org/simple"
reference = "piwheels"

[[package]]
name = "psycopg2"
version = "2.9.5"
description = "psycopg2 - Python-PostgreSQL Database Adapter"
category = "main"
optional = false
python-versions = ">=3.6"
files = [
    {file = "psycopg2-2.9.5-cp37-cp37m-linux_armv6l.whl", hash = "sha256:66c0db9f1e0027dc4f2914c64d172ba77df5c638f62705b288be5de6f55e82a0"},
    {file = "psycopg2-2.9.5-cp37-cp37m-linux_armv7l.whl", hash = "sha256:66c0db9f1e0027dc4f2914c64d172ba77df5c638f62705b288be5de6f55e82a0"},
    {file = "psycopg2-2.9.5-cp39-cp39-linux_armv6l.whl", hash = "sha256:4263003e26c3091257b1285af83b7758002cc347584bf9b697731a4e3b283d45"},
    {file = "psycopg2-2.9.5-cp39-cp39-linux_armv7l.whl", hash = "sha256:4263003e26c3091257b1285af83b7758002cc347584bf9b697731a4e3b283d45"},
]

[package.source]
type = "legacy"
url = "https://www.piwheels.org/simple"
reference = "piwheels"

[[package]]
name = "pyserial"
version = "3.5"
description = "Python Serial Port Extension"
category = "main"
optional = false
python-versions = "*"
files = [
    {file = "pyserial-3.5-py2.py3-none-any.whl", hash = "sha256:c4451db6ba391ca6ca299fb3ec7bae67a5c55dde170964c7a14ceefec02f2cf0"},
]

[package.extras]
cp2110 = ["hidapi"]

[package.source]
type = "legacy"
url = "https://www.piwheels.org/simple"
reference = "piwheels"

[[package]]
name = "python-dateutil"
version = "2.8.2"
description = "Extensions to the standard Python datetime module"
category = "main"
optional = false
python-versions = "!=3.0.*,!=3.1.*,!=3.2.*,>=2.7"
files = [
    {file = "python_dateutil-2.8.2-py2.py3-none-any.whl", hash = "sha256:961d03dc3453ebbc59dbdea9e4e11c5651520a876d0f4db161e8674aae935da9"},
]

[package.dependencies]
six = ">=1.5"

[package.source]
type = "legacy"
url = "https://www.piwheels.org/simple"
reference = "piwheels"

[[package]]
name = "pytz"
version = "2022.1"
description = "World timezone definitions, modern and historical"
category = "main"
optional = false
python-versions = "*"
files = [
    {file = "pytz-2022.1-py3-none-any.whl", hash = "sha256:d7c0502dc1bc5e1a1a447a7527f99ddf7a302c0f83367ed442b6b3c38c38286d"},
]

[package.source]
type = "legacy"
url = "https://www.piwheels.org/simple"
reference = "piwheels"

[[package]]
name = "rpi.gpio"
version = "0.7.1"
description = "A module to control Raspberry Pi GPIO channels"
category = "main"
optional = false
python-versions = "*"
files = [
    {file = "RPi.GPIO-0.7.1-cp35-cp35m-linux_armv6l.whl", hash = "sha256:5073d1972727cfad38a1a42f02da91dc41f137679290aa804ab6c410168347ac"},
    {file = "RPi.GPIO-0.7.1-cp35-cp35m-linux_armv7l.whl", hash = "sha256:5073d1972727cfad38a1a42f02da91dc41f137679290aa804ab6c410168347ac"},
    {file = "RPi.GPIO-0.7.1-cp37-cp37m-linux_armv6l.whl", hash = "sha256:e5dfec2c4ccb7dbe9eef3dfc76a3b04121fc62d77fd8fbe1a8e841468a1b0c4c"},
    {file = "RPi.GPIO-0.7.1-cp37-cp37m-linux_armv7l.whl", hash = "sha256:e5dfec2c4ccb7dbe9eef3dfc76a3b04121fc62d77fd8fbe1a8e841468a1b0c4c"},
    {file = "RPi.GPIO-0.7.1-cp39-cp39-linux_armv6l.whl", hash = "sha256:231f6142c25975a7e39b96faf4905f05f97dba6809e8c5f0d58f284b35b4b821"},
    {file = "RPi.GPIO-0.7.1-cp39-cp39-linux_armv7l.whl", hash = "sha256:231f6142c25975a7e39b96faf4905f05f97dba6809e8c5f0d58f284b35b4b821"},
]

[package.source]
type = "legacy"
url = "https://www.piwheels.org/simple"
reference = "piwheels"

[[package]]
name = "six"
version = "1.16.0"
description = "Python 2 and 3 compatibility utilities"
category = "main"
optional = false
python-versions = ">=2.7, !=3.0.*, !=3.1.*, !=3.2.*"
files = [
    {file = "six-1.16.0-py2.py3-none-any.whl", hash = "sha256:8abb2f1d86890a2dfb989f9a77cfcfd3e47c2a354b01111771326f8aa26e0254"},
]

[package.source]
type = "legacy"
url = "https://www.piwheels.org/simple"
reference = "piwheels"

[[package]]
name = "sqlalchemy"
version = "1.4.45"
description = "Database Abstraction Library"
category = "main"
optional = false
python-versions = "!=3.0.*,!=3.1.*,!=3.2.*,!=3.3.*,!=3.4.*,!=3.5.*,>=2.7"
files = [
    {file = "SQLAlchemy-1.4.45-cp37-cp37m-linux_armv6l.whl", hash = "sha256:e69c98b66e2cbd1a920cf5a3205a9e39f50cd6773ff3d8049aeb3cdf9c14fa51"},
    {file = "SQLAlchemy-1.4.45-cp37-cp37m-linux_armv7l.whl", hash = "sha256:e69c98b66e2cbd1a920cf5a3205a9e39f50cd6773ff3d8049aeb3cdf9c14fa51"},
    {file = "SQLAlchemy-1.4.45-cp39-cp39-linux_armv6l.whl", hash = "sha256:e35aee226f0c7cced49b06fbe08487bf8a7c3b86edf4b67959e8edba0f0ec607"},
    {file = "SQLAlchemy-1.4.45-cp39-cp39-linux_armv7l.whl", hash = "sha256:e35aee226f0c7cced49b06fbe08487bf8a7c3b86edf4b67959e8edba0f0ec607"},
]

[package.dependencies]
greenlet = {version = "!=0.4.17", markers = "python_version >= \"3\" and (platform_machine == \"aarch64\" or platform_machine == \"ppc64le\" or platform_machine == \"x86_64\" or platform_machine == \"amd64\" or platform_machine == \"AMD64\" or platform_machine == \"win32\" or platform_machine == \"WIN32\")"}

[package.extras]
aiomysql = ["aiomysql", "greenlet (!=0.4.17)"]
aiosqlite = ["aiosqlite", "greenlet (!=0.4.17)", "typing-extensions (!=3.10.0.1)"]
asyncio = ["greenlet (!=0.4.17)"]
asyncmy = ["asyncmy (>=0.2.3,!=0.2.4)", "greenlet (!=0.4.17)"]
mariadb-connector = ["mariadb (>=1.0.1,!=1.1.2)"]
mssql = ["pyodbc"]
mssql-pymssql = ["pymssql"]
mssql-pyodbc = ["pyodbc"]
mypy = ["mypy (>=0.910)", "sqlalchemy2-stubs"]
mysql = ["mysqlclient (>=1.4.0)", "mysqlclient (>=1.4.0,<2)"]
mysql-connector = ["mysql-connector-python"]
oracle = ["cx-oracle (>=7)", "cx-oracle (>=7,<8)"]
postgresql = ["psycopg2 (>=2.7)"]
postgresql-asyncpg = ["asyncpg", "greenlet (!=0.4.17)"]
postgresql-pg8000 = ["pg8000 (>=1.16.6,!=1.29.0)"]
postgresql-psycopg2binary = ["psycopg2-binary"]
postgresql-psycopg2cffi = ["psycopg2cffi"]
pymysql = ["pymysql", "pymysql (<1)"]
sqlcipher = ["sqlcipher3-binary"]

[package.source]
type = "legacy"
url = "https://www.piwheels.org/simple"
reference = "piwheels"

[metadata]
lock-version = "2.0"
python-versions = ">=3.9,<3.11"
content-hash = "a93b7f3cb3bf496f50fcfd0a66b8d12bea3e0ec387bc632255e741f6c9936900"
