# This file is automatically @generated by Poetry 1.7.1 and should not be changed by hand.

[[package]]
name = "greenlet"
version = "1.1.2"
description = "Lightweight in-process concurrent programming"
optional = false
python-versions = ">=2.7,!=3.0.*,!=3.1.*,!=3.2.*,!=3.3.*,!=3.4.*"
files = [
    {file = "greenlet-1.1.2-cp35-cp35m-linux_armv6l.whl", hash = "sha256:8f7b240fb2e4950d61afeaaa51ab8a1812ed9a4778bb45bf121c21b4b37d72d7"},
    {file = "greenlet-1.1.2-cp35-cp35m-linux_armv7l.whl", hash = "sha256:8f7b240fb2e4950d61afeaaa51ab8a1812ed9a4778bb45bf121c21b4b37d72d7"},
    {file = "greenlet-1.1.2-cp37-cp37m-linux_armv6l.whl", hash = "sha256:bf28533bb6eaac39604fa975b9fd580d2ec0aff5f2f06dbfdeb106b361066cdf"},
    {file = "greenlet-1.1.2-cp37-cp37m-linux_armv7l.whl", hash = "sha256:bf28533bb6eaac39604fa975b9fd580d2ec0aff5f2f06dbfdeb106b361066cdf"},
    {file = "greenlet-1.1.2-cp39-cp39-linux_armv6l.whl", hash = "sha256:f6dd4fe16556514c81b440cdb3a723a47464705ee56597f892d74ffa77b2796c"},
    {file = "greenlet-1.1.2-cp39-cp39-linux_armv7l.whl", hash = "sha256:f6dd4fe16556514c81b440cdb3a723a47464705ee56597f892d74ffa77b2796c"},
]

[package.extras]
docs = ["Sphinx"]

[package.source]
type = "legacy"
url = "https://www.piwheels.org/simple"
reference = "piwheels"

[[package]]
name = "numpy"
version = "1.26.2"
description = "Fundamental package for array computing in Python"
optional = false
python-versions = ">=3.9"
files = [
    {file = "numpy-1.26.2-cp311-cp311-linux_armv6l.whl", hash = "sha256:784889ff2205b671e8283e37caa621a3aa1c8d0d4c03b44be4a857efde2edd72"},
    {file = "numpy-1.26.2-cp311-cp311-linux_armv7l.whl", hash = "sha256:784889ff2205b671e8283e37caa621a3aa1c8d0d4c03b44be4a857efde2edd72"},
    {file = "numpy-1.26.2-cp39-cp39-linux_armv6l.whl", hash = "sha256:795033f0e3b6a1ef31729906d68c88aab30f18cc625850729e95d0c8607a6ef6"},
    {file = "numpy-1.26.2-cp39-cp39-linux_armv7l.whl", hash = "sha256:795033f0e3b6a1ef31729906d68c88aab30f18cc625850729e95d0c8607a6ef6"},
]

[package.source]
type = "legacy"
url = "https://www.piwheels.org/simple"
reference = "piwheels"

[[package]]
name = "pandas"
version = "2.1.3"
description = "Powerful data structures for data analysis, time series, and statistics"
optional = false
python-versions = ">=3.9"
files = [
    {file = "pandas-2.1.3-cp311-cp311-linux_armv6l.whl", hash = "sha256:19f4635e0aa30fa79e826d838bab727f31709c2c199f18a35e0656687bdd03c3"},
    {file = "pandas-2.1.3-cp311-cp311-linux_armv7l.whl", hash = "sha256:19f4635e0aa30fa79e826d838bab727f31709c2c199f18a35e0656687bdd03c3"},
    {file = "pandas-2.1.3-cp39-cp39-linux_armv6l.whl", hash = "sha256:0d0d88f3988a5de8e45513caff668306504cdc74ed45b6d8c6ed7f327d058f9a"},
    {file = "pandas-2.1.3-cp39-cp39-linux_armv7l.whl", hash = "sha256:0d0d88f3988a5de8e45513caff668306504cdc74ed45b6d8c6ed7f327d058f9a"},
]

[package.dependencies]
numpy = {version = ">=1.22.4,<2", markers = "python_version < \"3.11\""}
python-dateutil = ">=2.8.2"
pytz = ">=2020.1"
tzdata = ">=2022.1"

[package.extras]
all = ["PyQt5 (>=5.15.6)", "SQLAlchemy (>=1.4.36)", "beautifulsoup4 (>=4.11.1)", "bottleneck (>=1.3.4)", "dataframe-api-compat (>=0.1.7)", "fastparquet (>=0.8.1)", "fsspec (>=2022.05.0)", "gcsfs (>=2022.05.0)", "html5lib (>=1.1)", "hypothesis (>=6.46.1)", "jinja2 (>=3.1.2)", "lxml (>=4.8.0)", "matplotlib (>=3.6.1)", "numba (>=0.55.2)", "numexpr (>=2.8.0)", "odfpy (>=1.4.1)", "openpyxl (>=3.0.10)", "pandas-gbq (>=0.17.5)", "psycopg2 (>=2.9.3)", "pyarrow (>=7.0.0)", "pymysql (>=1.0.2)", "pyreadstat (>=1.1.5)", "pytest (>=7.3.2)", "pytest-xdist (>=2.2.0)", "pyxlsb (>=1.0.9)", "qtpy (>=2.2.0)", "s3fs (>=2022.05.0)", "scipy (>=1.8.1)", "tables (>=3.7.0)", "tabulate (>=0.8.10)", "xarray (>=2022.03.0)", "xlrd (>=2.0.1)", "xlsxwriter (>=3.0.3)", "zstandard (>=0.17.0)"]
aws = ["s3fs (>=2022.05.0)"]
clipboard = ["PyQt5 (>=5.15.6)", "qtpy (>=2.2.0)"]
compression = ["zstandard (>=0.17.0)"]
computation = ["scipy (>=1.8.1)", "xarray (>=2022.03.0)"]
consortium-standard = ["dataframe-api-compat (>=0.1.7)"]
excel = ["odfpy (>=1.4.1)", "openpyxl (>=3.0.10)", "pyxlsb (>=1.0.9)", "xlrd (>=2.0.1)", "xlsxwriter (>=3.0.3)"]
feather = ["pyarrow (>=7.0.0)"]
fss = ["fsspec (>=2022.05.0)"]
gcp = ["gcsfs (>=2022.05.0)", "pandas-gbq (>=0.17.5)"]
hdf5 = ["tables (>=3.7.0)"]
html = ["beautifulsoup4 (>=4.11.1)", "html5lib (>=1.1)", "lxml (>=4.8.0)"]
mysql = ["SQLAlchemy (>=1.4.36)", "pymysql (>=1.0.2)"]
output-formatting = ["jinja2 (>=3.1.2)", "tabulate (>=0.8.10)"]
parquet = ["pyarrow (>=7.0.0)"]
performance = ["bottleneck (>=1.3.4)", "numba (>=0.55.2)", "numexpr (>=2.8.0)"]
plot = ["matplotlib (>=3.6.1)"]
postgresql = ["SQLAlchemy (>=1.4.36)", "psycopg2 (>=2.9.3)"]
spss = ["pyreadstat (>=1.1.5)"]
sql-other = ["SQLAlchemy (>=1.4.36)"]
test = ["hypothesis (>=6.46.1)", "pytest (>=7.3.2)", "pytest-xdist (>=2.2.0)"]
xml = ["lxml (>=4.8.0)"]

[package.source]
type = "legacy"
url = "https://www.piwheels.org/simple"
reference = "piwheels"

[[package]]
name = "psycopg2"
version = "2.9.9"
description = "psycopg2 - Python-PostgreSQL Database Adapter"
optional = false
python-versions = ">=3.7"
files = [
    {file = "psycopg2-2.9.9-cp311-cp311-linux_armv6l.whl", hash = "sha256:185a72b8fc3bf8a05c6c647912c65a6f0443d69240e00305d361ec723785def5"},
    {file = "psycopg2-2.9.9-cp311-cp311-linux_armv7l.whl", hash = "sha256:185a72b8fc3bf8a05c6c647912c65a6f0443d69240e00305d361ec723785def5"},
    {file = "psycopg2-2.9.9-cp37-cp37m-linux_armv6l.whl", hash = "sha256:293bcee08a1c22aa2ceb2ca6ae528b56e488e60b86a617f5d51f8d01f632f0d5"},
    {file = "psycopg2-2.9.9-cp37-cp37m-linux_armv7l.whl", hash = "sha256:293bcee08a1c22aa2ceb2ca6ae528b56e488e60b86a617f5d51f8d01f632f0d5"},
    {file = "psycopg2-2.9.9-cp39-cp39-linux_armv6l.whl", hash = "sha256:47f84a8b1b19dbe942d73a2217d221ab3e7d6acd9c9b88f622c0158735b7b7de"},
    {file = "psycopg2-2.9.9-cp39-cp39-linux_armv7l.whl", hash = "sha256:47f84a8b1b19dbe942d73a2217d221ab3e7d6acd9c9b88f622c0158735b7b7de"},
]

[package.source]
type = "legacy"
url = "https://www.piwheels.org/simple"
reference = "piwheels"

[[package]]
name = "pyserial"
version = "3.5"
description = "Python Serial Port Extension"
optional = false
python-versions = "*"
files = [
    {file = "pyserial-3.5-py2.py3-none-any.whl", hash = "sha256:c4451db6ba391ca6ca299fb3ec7bae67a5c55dde170964c7a14ceefec02f2cf0"},
]

[package.extras]
cp2110 = ["hidapi"]

[package.source]
type = "legacy"
url = "https://www.piwheels.org/simple"
reference = "piwheels"

[[package]]
name = "python-dateutil"
version = "2.8.2"
description = "Extensions to the standard Python datetime module"
optional = false
python-versions = "!=3.0.*,!=3.1.*,!=3.2.*,>=2.7"
files = [
    {file = "python_dateutil-2.8.2-py2.py3-none-any.whl", hash = "sha256:961d03dc3453ebbc59dbdea9e4e11c5651520a876d0f4db161e8674aae935da9"},
]

[package.dependencies]
six = ">=1.5"

[package.source]
type = "legacy"
url = "https://www.piwheels.org/simple"
reference = "piwheels"

[[package]]
name = "pytz"
version = "2022.1"
description = "World timezone definitions, modern and historical"
optional = false
python-versions = "*"
files = [
    {file = "pytz-2022.1-py3-none-any.whl", hash = "sha256:d7c0502dc1bc5e1a1a447a7527f99ddf7a302c0f83367ed442b6b3c38c38286d"},
]

[package.source]
type = "legacy"
url = "https://www.piwheels.org/simple"
reference = "piwheels"

[[package]]
name = "six"
version = "1.16.0"
description = "Python 2 and 3 compatibility utilities"
optional = false
python-versions = ">=2.7, !=3.0.*, !=3.1.*, !=3.2.*"
files = [
    {file = "six-1.16.0-py2.py3-none-any.whl", hash = "sha256:8abb2f1d86890a2dfb989f9a77cfcfd3e47c2a354b01111771326f8aa26e0254"},
]

[package.source]
type = "legacy"
url = "https://www.piwheels.org/simple"
reference = "piwheels"

[[package]]
name = "sqlalchemy"
version = "2.0.23"
description = "Database Abstraction Library"
optional = false
python-versions = ">=3.7"
files = [
    {file = "SQLAlchemy-2.0.23-cp311-cp311-linux_armv6l.whl", hash = "sha256:6594c72321fdf93980b6f0b9cd2e95e7a1beb4ab75a02496a45e6f1a16251274"},
    {file = "SQLAlchemy-2.0.23-cp311-cp311-linux_armv7l.whl", hash = "sha256:6594c72321fdf93980b6f0b9cd2e95e7a1beb4ab75a02496a45e6f1a16251274"},
    {file = "SQLAlchemy-2.0.23-cp37-cp37m-linux_armv6l.whl", hash = "sha256:781967dc3cff363db4c9c9e2e91531f8c0d58f0cd2a8d04cb3bf3ca3f849c83b"},
    {file = "SQLAlchemy-2.0.23-cp37-cp37m-linux_armv7l.whl", hash = "sha256:781967dc3cff363db4c9c9e2e91531f8c0d58f0cd2a8d04cb3bf3ca3f849c83b"},
    {file = "SQLAlchemy-2.0.23-cp39-cp39-linux_armv6l.whl", hash = "sha256:0f3b272c9a7365e22179bf071ae38a1ba6d109774c846cd9a62b4cd2fb55f4fa"},
    {file = "SQLAlchemy-2.0.23-cp39-cp39-linux_armv7l.whl", hash = "sha256:0f3b272c9a7365e22179bf071ae38a1ba6d109774c846cd9a62b4cd2fb55f4fa"},
]

[package.dependencies]
greenlet = {version = "!=0.4.17", markers = "platform_machine == \"aarch64\" or platform_machine == \"ppc64le\" or platform_machine == \"x86_64\" or platform_machine == \"amd64\" or platform_machine == \"AMD64\" or platform_machine == \"win32\" or platform_machine == \"WIN32\""}
typing-extensions = ">=4.2.0"

[package.extras]
aiomysql = ["aiomysql (>=0.2.0)", "greenlet (!=0.4.17)"]
aioodbc = ["aioodbc", "greenlet (!=0.4.17)"]
aiosqlite = ["aiosqlite", "greenlet (!=0.4.17)", "typing-extensions (!=3.10.0.1)"]
asyncio = ["greenlet (!=0.4.17)"]
asyncmy = ["asyncmy (>=0.2.3,!=0.2.4,!=0.2.6)", "greenlet (!=0.4.17)"]
mariadb-connector = ["mariadb (>=1.0.1,!=1.1.2,!=1.1.5)"]
mssql = ["pyodbc"]
mssql-pymssql = ["pymssql"]
mssql-pyodbc = ["pyodbc"]
mypy = ["mypy (>=0.910)"]
mysql = ["mysqlclient (>=1.4.0)"]
mysql-connector = ["mysql-connector-python"]
oracle = ["cx-oracle (>=8)"]
oracle-oracledb = ["oracledb (>=1.0.1)"]
postgresql = ["psycopg2 (>=2.7)"]
postgresql-asyncpg = ["asyncpg", "greenlet (!=0.4.17)"]
postgresql-pg8000 = ["pg8000 (>=1.29.1)"]
postgresql-psycopg = ["psycopg (>=3.0.7)"]
postgresql-psycopg2binary = ["psycopg2-binary"]
postgresql-psycopg2cffi = ["psycopg2cffi"]
postgresql-psycopgbinary = ["psycopg[binary] (>=3.0.7)"]
pymysql = ["pymysql"]
sqlcipher = ["sqlcipher3-binary"]

[package.source]
type = "legacy"
url = "https://www.piwheels.org/simple"
reference = "piwheels"

[[package]]
name = "typing-extensions"
version = "4.4.0"
description = "Backported and Experimental Type Hints for Python 3.7+"
optional = false
python-versions = ">=3.7"
files = [
    {file = "typing_extensions-4.4.0-py3-none-any.whl", hash = "sha256:979fb485ad436c08d30192f00835e928d3029f13146107787caec5a68c4a6725"},
]

[package.source]
type = "legacy"
url = "https://www.piwheels.org/simple"
reference = "piwheels"

[[package]]
name = "tzdata"
version = "2023.3"
description = "Provider of IANA time zone data"
optional = false
python-versions = ">=2"
files = [
    {file = "tzdata-2023.3-py2.py3-none-any.whl", hash = "sha256:f75913ae69ebb2bbc6852d816a2d6981d15c3fad9d5262f886404673cde610b7"},
]

[package.source]
type = "legacy"
url = "https://www.piwheels.org/simple"
reference = "piwheels"

[metadata]
lock-version = "2.0"
python-versions = ">=3.9,<3.11"
content-hash = "1b191545ca66e36a7e1b14eb9fb0bad541e7370c6c45dcdab719b8d823b5e611"
